<?xml version="1.0" encoding="utf-8"?>
<Project ToolsVersion="17.0" xmlns="http://schemas.microsoft.com/developer/msbuild/2003">
  <ItemGroup>
    <CustomBuild Include="C:\Users\Lincoln\Desktop\CMakeSeries\Ep002\source\CMakeFiles\ea40af3c301f1e7e7f6149eb74288598\generate.stamp.rule">
      <Filter>CMake Rules</Filter>
    </CustomBuild>
  </ItemGroup>
  <ItemGroup>
    <Filter Include="CMake Rules">
      <UniqueIdentifier>{4D263478-E6AF-3938-8C78-FFF5507ED2BB}</UniqueIdentifier>
    </Filter>
  </ItemGroup>
</Project>
